// !$*UTF8*$!
{
	archiveVersion = 1;
	classes = {
	};
	objectVersion = 55;
	objects = {

/* Begin PBXBuildFile section */
		8E05E2D727720D5700D29A37 /* ProductVC.swift in Sources */ = {isa = PBXBuildFile; fileRef = 8E05E2D627720D5700D29A37 /* ProductVC.swift */; };
		8E54EDC3276CB2D700B677ED /* AppDelegate.swift in Sources */ = {isa = PBXBuildFile; fileRef = 8E54EDC2276CB2D700B677ED /* AppDelegate.swift */; };
		8E54EDC5276CB2D700B677ED /* SceneDelegate.swift in Sources */ = {isa = PBXBuildFile; fileRef = 8E54EDC4276CB2D700B677ED /* SceneDelegate.swift */; };
		8E54EDCA276CB2D700B677ED /* Main.storyboard in Resources */ = {isa = PBXBuildFile; fileRef = 8E54EDC8276CB2D700B677ED /* Main.storyboard */; };
		8E54EDCC276CB2D900B677ED /* Assets.xcassets in Resources */ = {isa = PBXBuildFile; fileRef = 8E54EDCB276CB2D900B677ED /* Assets.xcassets */; };
		8E54EDCF276CB2D900B677ED /* LaunchScreen.storyboard in Resources */ = {isa = PBXBuildFile; fileRef = 8E54EDCD276CB2D900B677ED /* LaunchScreen.storyboard */; };
		8E54EDD9276CB36400B677ED /* MainVC.swift in Sources */ = {isa = PBXBuildFile; fileRef = 8E54EDD8276CB36400B677ED /* MainVC.swift */; };
		8E54EDDB276CC3D300B677ED /* AllOrdersVC.swift in Sources */ = {isa = PBXBuildFile; fileRef = 8E54EDDA276CC3D200B677ED /* AllOrdersVC.swift */; };
		8E674F532775997F0025ECFF /* CheckOutVC.swift in Sources */ = {isa = PBXBuildFile; fileRef = 8E674F522775997F0025ECFF /* CheckOutVC.swift */; };
		8E674F562775BA450025ECFF /* AllCollectionViewCell.swift in Sources */ = {isa = PBXBuildFile; fileRef = 8E674F552775BA450025ECFF /* AllCollectionViewCell.swift */; };
		8E674F592775BA820025ECFF /* Models.swift in Sources */ = {isa = PBXBuildFile; fileRef = 8E674F582775BA820025ECFF /* Models.swift */; };
		8E674F5B2775BAB00025ECFF /* AllTableViewCell.swift in Sources */ = {isa = PBXBuildFile; fileRef = 8E674F5A2775BAB00025ECFF /* AllTableViewCell.swift */; };
		8E674F5D2775BB020025ECFF /* Classes.swift in Sources */ = {isa = PBXBuildFile; fileRef = 8E674F5C2775BB020025ECFF /* Classes.swift */; };
		8E674F5F2775BC2D0025ECFF /* LayoutableButton.swift in Sources */ = {isa = PBXBuildFile; fileRef = 8E674F5E2775BC2D0025ECFF /* LayoutableButton.swift */; };
		8ECA150F277337DD00D6CB3F /* OrderOverViewVC.swift in Sources */ = {isa = PBXBuildFile; fileRef = 8ECA150E277337DD00D6CB3F /* OrderOverViewVC.swift */; };
		8ECA151127734ABD00D6CB3F /* OrderViewVC.swift in Sources */ = {isa = PBXBuildFile; fileRef = 8ECA151027734ABD00D6CB3F /* OrderViewVC.swift */; };
		8ED8258E276DFFF5007C6A3C /* NewOrderListVC.swift in Sources */ = {isa = PBXBuildFile; fileRef = 8ED8258D276DFFF5007C6A3C /* NewOrderListVC.swift */; };
		8ED82590276E03FF007C6A3C /* MenuOrderVC.swift in Sources */ = {isa = PBXBuildFile; fileRef = 8ED8258F276E03FF007C6A3C /* MenuOrderVC.swift */; };
/* End PBXBuildFile section */

/* Begin PBXFileReference section */
		8E05E2D627720D5700D29A37 /* ProductVC.swift */ = {isa = PBXFileReference; lastKnownFileType = sourcecode.swift; path = ProductVC.swift; sourceTree = "<group>"; };
		8E54EDBF276CB2D700B677ED /* DesignOfPages.app */ = {isa = PBXFileReference; explicitFileType = wrapper.application; includeInIndex = 0; path = DesignOfPages.app; sourceTree = BUILT_PRODUCTS_DIR; };
		8E54EDC2276CB2D700B677ED /* AppDelegate.swift */ = {isa = PBXFileReference; lastKnownFileType = sourcecode.swift; path = AppDelegate.swift; sourceTree = "<group>"; };
		8E54EDC4276CB2D700B677ED /* SceneDelegate.swift */ = {isa = PBXFileReference; lastKnownFileType = sourcecode.swift; path = SceneDelegate.swift; sourceTree = "<group>"; };
		8E54EDC9276CB2D700B677ED /* Base */ = {isa = PBXFileReference; lastKnownFileType = file.storyboard; name = Base; path = Base.lproj/Main.storyboard; sourceTree = "<group>"; };
		8E54EDCB276CB2D900B677ED /* Assets.xcassets */ = {isa = PBXFileReference; lastKnownFileType = folder.assetcatalog; path = Assets.xcassets; sourceTree = "<group>"; };
		8E54EDCE276CB2D900B677ED /* Base */ = {isa = PBXFileReference; lastKnownFileType = file.storyboard; name = Base; path = Base.lproj/LaunchScreen.storyboard; sourceTree = "<group>"; };
		8E54EDD0276CB2D900B677ED /* Info.plist */ = {isa = PBXFileReference; lastKnownFileType = text.plist.xml; path = Info.plist; sourceTree = "<group>"; };
		8E54EDD8276CB36400B677ED /* MainVC.swift */ = {isa = PBXFileReference; lastKnownFileType = sourcecode.swift; path = MainVC.swift; sourceTree = "<group>"; };
		8E54EDDA276CC3D200B677ED /* AllOrdersVC.swift */ = {isa = PBXFileReference; lastKnownFileType = sourcecode.swift; path = AllOrdersVC.swift; sourceTree = "<group>"; };
		8E674F522775997F0025ECFF /* CheckOutVC.swift */ = {isa = PBXFileReference; lastKnownFileType = sourcecode.swift; path = CheckOutVC.swift; sourceTree = "<group>"; };
		8E674F552775BA450025ECFF /* AllCollectionViewCell.swift */ = {isa = PBXFileReference; lastKnownFileType = sourcecode.swift; path = AllCollectionViewCell.swift; sourceTree = "<group>"; };
		8E674F582775BA820025ECFF /* Models.swift */ = {isa = PBXFileReference; lastKnownFileType = sourcecode.swift; path = Models.swift; sourceTree = "<group>"; };
		8E674F5A2775BAB00025ECFF /* AllTableViewCell.swift */ = {isa = PBXFileReference; lastKnownFileType = sourcecode.swift; path = AllTableViewCell.swift; sourceTree = "<group>"; };
		8E674F5C2775BB020025ECFF /* Classes.swift */ = {isa = PBXFileReference; lastKnownFileType = sourcecode.swift; path = Classes.swift; sourceTree = "<group>"; };
		8E674F5E2775BC2D0025ECFF /* LayoutableButton.swift */ = {isa = PBXFileReference; lastKnownFileType = sourcecode.swift; path = LayoutableButton.swift; sourceTree = "<group>"; };
		8ECA150E277337DD00D6CB3F /* OrderOverViewVC.swift */ = {isa = PBXFileReference; lastKnownFileType = sourcecode.swift; path = OrderOverViewVC.swift; sourceTree = "<group>"; };
		8ECA151027734ABD00D6CB3F /* OrderViewVC.swift */ = {isa = PBXFileReference; lastKnownFileType = sourcecode.swift; path = OrderViewVC.swift; sourceTree = "<group>"; };
		8ED8258D276DFFF5007C6A3C /* NewOrderListVC.swift */ = {isa = PBXFileReference; lastKnownFileType = sourcecode.swift; path = NewOrderListVC.swift; sourceTree = "<group>"; };
		8ED8258F276E03FF007C6A3C /* MenuOrderVC.swift */ = {isa = PBXFileReference; lastKnownFileType = sourcecode.swift; path = MenuOrderVC.swift; sourceTree = "<group>"; };
/* End PBXFileReference section */

/* Begin PBXFrameworksBuildPhase section */
		8E54EDBC276CB2D700B677ED /* Frameworks */ = {
			isa = PBXFrameworksBuildPhase;
			buildActionMask = 2147483647;
			files = (
			);
			runOnlyForDeploymentPostprocessing = 0;
		};
/* End PBXFrameworksBuildPhase section */

/* Begin PBXGroup section */
		8E54EDB6276CB2D700B677ED = {
			isa = PBXGroup;
			children = (
				8E54EDC1276CB2D700B677ED /* DesignOfPages */,
				8E54EDC0276CB2D700B677ED /* Products */,
			);
			sourceTree = "<group>";
		};
		8E54EDC0276CB2D700B677ED /* Products */ = {
			isa = PBXGroup;
			children = (
				8E54EDBF276CB2D700B677ED /* DesignOfPages.app */,
			);
			name = Products;
			sourceTree = "<group>";
		};
		8E54EDC1276CB2D700B677ED /* DesignOfPages */ = {
			isa = PBXGroup;
			children = (
				8E674F572775BA750025ECFF /* Models */,
				8E674F542775BA2C0025ECFF /* Views */,
				8E54EDD6276CB31400B677ED /* ViewControllers */,
				8E54EDC2276CB2D700B677ED /* AppDelegate.swift */,
				8E54EDC4276CB2D700B677ED /* SceneDelegate.swift */,
				8E54EDC8276CB2D700B677ED /* Main.storyboard */,
				8E54EDCB276CB2D900B677ED /* Assets.xcassets */,
				8E54EDCD276CB2D900B677ED /* LaunchScreen.storyboard */,
				8E54EDD0276CB2D900B677ED /* Info.plist */,
			);
			path = DesignOfPages;
			sourceTree = "<group>";
		};
		8E54EDD6276CB31400B677ED /* ViewControllers */ = {
			isa = PBXGroup;
			children = (
				8E54EDD7276CB33700B677ED /* MainView */,
				8E54EDDA276CC3D200B677ED /* AllOrdersVC.swift */,
				8ED8258D276DFFF5007C6A3C /* NewOrderListVC.swift */,
				8ED8258F276E03FF007C6A3C /* MenuOrderVC.swift */,
				8E05E2D627720D5700D29A37 /* ProductVC.swift */,
				8ECA150E277337DD00D6CB3F /* OrderOverViewVC.swift */,
				8ECA151027734ABD00D6CB3F /* OrderViewVC.swift */,
				8E674F522775997F0025ECFF /* CheckOutVC.swift */,
			);
			path = ViewControllers;
			sourceTree = "<group>";
		};
		8E54EDD7276CB33700B677ED /* MainView */ = {
			isa = PBXGroup;
			children = (
				8E54EDD8276CB36400B677ED /* MainVC.swift */,
			);
			path = MainView;
			sourceTree = "<group>";
		};
		8E674F542775BA2C0025ECFF /* Views */ = {
			isa = PBXGroup;
			children = (
				8E674F552775BA450025ECFF /* AllCollectionViewCell.swift */,
				8E674F5A2775BAB00025ECFF /* AllTableViewCell.swift */,
				8E674F5C2775BB020025ECFF /* Classes.swift */,
				8E674F5E2775BC2D0025ECFF /* LayoutableButton.swift */,
			);
			path = Views;
			sourceTree = "<group>";
		};
		8E674F572775BA750025ECFF /* Models */ = {
			isa = PBXGroup;
			children = (
				8E674F582775BA820025ECFF /* Models.swift */,
			);
			path = Models;
			sourceTree = "<group>";
		};
/* End PBXGroup section */

/* Begin PBXNativeTarget section */
		8E54EDBE276CB2D700B677ED /* DesignOfPages */ = {
			isa = PBXNativeTarget;
			buildConfigurationList = 8E54EDD3276CB2D900B677ED /* Build configuration list for PBXNativeTarget "DesignOfPages" */;
			buildPhases = (
				8E54EDBB276CB2D700B677ED /* Sources */,
				8E54EDBC276CB2D700B677ED /* Frameworks */,
				8E54EDBD276CB2D700B677ED /* Resources */,
			);
			buildRules = (
			);
			dependencies = (
			);
			name = DesignOfPages;
			productName = DesignOfPages;
			productReference = 8E54EDBF276CB2D700B677ED /* DesignOfPages.app */;
			productType = "com.apple.product-type.application";
		};
/* End PBXNativeTarget section */

/* Begin PBXProject section */
		8E54EDB7276CB2D700B677ED /* Project object */ = {
			isa = PBXProject;
			attributes = {
				BuildIndependentTargetsInParallel = 1;
				LastSwiftUpdateCheck = 1300;
				LastUpgradeCheck = 1300;
				TargetAttributes = {
					8E54EDBE276CB2D700B677ED = {
						CreatedOnToolsVersion = 13.0;
					};
				};
			};
			buildConfigurationList = 8E54EDBA276CB2D700B677ED /* Build configuration list for PBXProject "DesignOfPages" */;
			compatibilityVersion = "Xcode 13.0";
			developmentRegion = en;
			hasScannedForEncodings = 0;
			knownRegions = (
				en,
				Base,
			);
			mainGroup = 8E54EDB6276CB2D700B677ED;
			productRefGroup = 8E54EDC0276CB2D700B677ED /* Products */;
			projectDirPath = "";
			projectRoot = "";
			targets = (
				8E54EDBE276CB2D700B677ED /* DesignOfPages */,
			);
		};
/* End PBXProject section */

/* Begin PBXResourcesBuildPhase section */
		8E54EDBD276CB2D700B677ED /* Resources */ = {
			isa = PBXResourcesBuildPhase;
			buildActionMask = 2147483647;
			files = (
				8E54EDCF276CB2D900B677ED /* LaunchScreen.storyboard in Resources */,
				8E54EDCC276CB2D900B677ED /* Assets.xcassets in Resources */,
				8E54EDCA276CB2D700B677ED /* Main.storyboard in Resources */,
			);
			runOnlyForDeploymentPostprocessing = 0;
		};
/* End PBXResourcesBuildPhase section */

/* Begin PBXSourcesBuildPhase section */
		8E54EDBB276CB2D700B677ED /* Sources */ = {
			isa = PBXSourcesBuildPhase;
			buildActionMask = 2147483647;
			files = (
				8E674F532775997F0025ECFF /* CheckOutVC.swift in Sources */,
				8ED82590276E03FF007C6A3C /* MenuOrderVC.swift in Sources */,
				8E05E2D727720D5700D29A37 /* ProductVC.swift in Sources */,
				8E54EDD9276CB36400B677ED /* MainVC.swift in Sources */,
				8E674F5B2775BAB00025ECFF /* AllTableViewCell.swift in Sources */,
				8E674F592775BA820025ECFF /* Models.swift in Sources */,
				8ECA151127734ABD00D6CB3F /* OrderViewVC.swift in Sources */,
				8ED8258E276DFFF5007C6A3C /* NewOrderListVC.swift in Sources */,
				8E674F5D2775BB020025ECFF /* Classes.swift in Sources */,
				8ECA150F277337DD00D6CB3F /* OrderOverViewVC.swift in Sources */,
				8E54EDDB276CC3D300B677ED /* AllOrdersVC.swift in Sources */,
				8E54EDC3276CB2D700B677ED /* AppDelegate.swift in Sources */,
				8E674F5F2775BC2D0025ECFF /* LayoutableButton.swift in Sources */,
				8E54EDC5276CB2D700B677ED /* SceneDelegate.swift in Sources */,
				8E674F562775BA450025ECFF /* AllCollectionViewCell.swift in Sources */,
			);
			runOnlyForDeploymentPostprocessing = 0;
		};
/* End PBXSourcesBuildPhase section */

/* Begin PBXVariantGroup section */
		8E54EDC8276CB2D700B677ED /* Main.storyboard */ = {
			isa = PBXVariantGroup;
			children = (
				8E54EDC9276CB2D700B677ED /* Base */,
			);
			name = Main.storyboard;
			sourceTree = "<group>";
		};
		8E54EDCD276CB2D900B677ED /* LaunchScreen.storyboard */ = {
			isa = PBXVariantGroup;
			children = (
				8E54EDCE276CB2D900B677ED /* Base */,
			);
			name = LaunchScreen.storyboard;
			sourceTree = "<group>";
		};
/* End PBXVariantGroup section */

/* Begin XCBuildConfiguration section */
		8E54EDD1276CB2D900B677ED /* Debug */ = {
			isa = XCBuildConfiguration;
			buildSettings = {
				ALWAYS_SEARCH_USER_PATHS = NO;
				CLANG_ANALYZER_NONNULL = YES;
				CLANG_ANALYZER_NUMBER_OBJECT_CONVERSION = YES_AGGRESSIVE;
				CLANG_CXX_LANGUAGE_STANDARD = "gnu++17";
				CLANG_CXX_LIBRARY = "libc++";
				CLANG_ENABLE_MODULES = YES;
				CLANG_ENABLE_OBJC_ARC = YES;
				CLANG_ENABLE_OBJC_WEAK = YES;
				CLANG_WARN_BLOCK_CAPTURE_AUTORELEASING = YES;
				CLANG_WARN_BOOL_CONVERSION = YES;
				CLANG_WARN_COMMA = YES;
				CLANG_WARN_CONSTANT_CONVERSION = YES;
				CLANG_WARN_DEPRECATED_OBJC_IMPLEMENTATIONS = YES;
				CLANG_WARN_DIRECT_OBJC_ISA_USAGE = YES_ERROR;
				CLANG_WARN_DOCUMENTATION_COMMENTS = YES;
				CLANG_WARN_EMPTY_BODY = YES;
				CLANG_WARN_ENUM_CONVERSION = YES;
				CLANG_WARN_INFINITE_RECURSION = YES;
				CLANG_WARN_INT_CONVERSION = YES;
				CLANG_WARN_NON_LITERAL_NULL_CONVERSION = YES;
				CLANG_WARN_OBJC_IMPLICIT_RETAIN_SELF = YES;
				CLANG_WARN_OBJC_LITERAL_CONVERSION = YES;
				CLANG_WARN_OBJC_ROOT_CLASS = YES_ERROR;
				CLANG_WARN_QUOTED_INCLUDE_IN_FRAMEWORK_HEADER = YES;
				CLANG_WARN_RANGE_LOOP_ANALYSIS = YES;
				CLANG_WARN_STRICT_PROTOTYPES = YES;
				CLANG_WARN_SUSPICIOUS_MOVE = YES;
				CLANG_WARN_UNGUARDED_AVAILABILITY = YES_AGGRESSIVE;
				CLANG_WARN_UNREACHABLE_CODE = YES;
				CLANG_WARN__DUPLICATE_METHOD_MATCH = YES;
				COPY_PHASE_STRIP = NO;
				DEBUG_INFORMATION_FORMAT = dwarf;
				ENABLE_STRICT_OBJC_MSGSEND = YES;
				ENABLE_TESTABILITY = YES;
				GCC_C_LANGUAGE_STANDARD = gnu11;
				GCC_DYNAMIC_NO_PIC = NO;
				GCC_NO_COMMON_BLOCKS = YES;
				GCC_OPTIMIZATION_LEVEL = 0;
				GCC_PREPROCESSOR_DEFINITIONS = (
					"DEBUG=1",
					"$(inherited)",
				);
				GCC_WARN_64_TO_32_BIT_CONVERSION = YES;
				GCC_WARN_ABOUT_RETURN_TYPE = YES_ERROR;
				GCC_WARN_UNDECLARED_SELECTOR = YES;
				GCC_WARN_UNINITIALIZED_AUTOS = YES_AGGRESSIVE;
				GCC_WARN_UNUSED_FUNCTION = YES;
				GCC_WARN_UNUSED_VARIABLE = YES;
				IPHONEOS_DEPLOYMENT_TARGET = 15.0;
				MTL_ENABLE_DEBUG_INFO = INCLUDE_SOURCE;
				MTL_FAST_MATH = YES;
				ONLY_ACTIVE_ARCH = YES;
				SDKROOT = iphoneos;
				SWIFT_ACTIVE_COMPILATION_CONDITIONS = DEBUG;
				SWIFT_OPTIMIZATION_LEVEL = "-Onone";
			};
			name = Debug;
		};
		8E54EDD2276CB2D900B677ED /* Release */ = {
			isa = XCBuildConfiguration;
			buildSettings = {
				ALWAYS_SEARCH_USER_PATHS = NO;
				CLANG_ANALYZER_NONNULL = YES;
				CLANG_ANALYZER_NUMBER_OBJECT_CONVERSION = YES_AGGRESSIVE;
				CLANG_CXX_LANGUAGE_STANDARD = "gnu++17";
				CLANG_CXX_LIBRARY = "libc++";
				CLANG_ENABLE_MODULES = YES;
				CLANG_ENABLE_OBJC_ARC = YES;
				CLANG_ENABLE_OBJC_WEAK = YES;
				CLANG_WARN_BLOCK_CAPTURE_AUTORELEASING = YES;
				CLANG_WARN_BOOL_CONVERSION = YES;
				CLANG_WARN_COMMA = YES;
				CLANG_WARN_CONSTANT_CONVERSION = YES;
				CLANG_WARN_DEPRECATED_OBJC_IMPLEMENTATIONS = YES;
				CLANG_WARN_DIRECT_OBJC_ISA_USAGE = YES_ERROR;
				CLANG_WARN_DOCUMENTATION_COMMENTS = YES;
				CLANG_WARN_EMPTY_BODY = YES;
				CLANG_WARN_ENUM_CONVERSION = YES;
				CLANG_WARN_INFINITE_RECURSION = YES;
				CLANG_WARN_INT_CONVERSION = YES;
				CLANG_WARN_NON_LITERAL_NULL_CONVERSION = YES;
				CLANG_WARN_OBJC_IMPLICIT_RETAIN_SELF = YES;
				CLANG_WARN_OBJC_LITERAL_CONVERSION = YES;
				CLANG_WARN_OBJC_ROOT_CLASS = YES_ERROR;
				CLANG_WARN_QUOTED_INCLUDE_IN_FRAMEWORK_HEADER = YES;
				CLANG_WARN_RANGE_LOOP_ANALYSIS = YES;
				CLANG_WARN_STRICT_PROTOTYPES = YES;
				CLANG_WARN_SUSPICIOUS_MOVE = YES;
				CLANG_WARN_UNGUARDED_AVAILABILITY = YES_AGGRESSIVE;
				CLANG_WARN_UNREACHABLE_CODE = YES;
				CLANG_WARN__DUPLICATE_METHOD_MATCH = YES;
				COPY_PHASE_STRIP = NO;
				DEBUG_INFORMATION_FORMAT = "dwarf-with-dsym";
				ENABLE_NS_ASSERTIONS = NO;
				ENABLE_STRICT_OBJC_MSGSEND = YES;
				GCC_C_LANGUAGE_STANDARD = gnu11;
				GCC_NO_COMMON_BLOCKS = YES;
				GCC_WARN_64_TO_32_BIT_CONVERSION = YES;
				GCC_WARN_ABOUT_RETURN_TYPE = YES_ERROR;
				GCC_WARN_UNDECLARED_SELECTOR = YES;
				GCC_WARN_UNINITIALIZED_AUTOS = YES_AGGRESSIVE;
				GCC_WARN_UNUSED_FUNCTION = YES;
				GCC_WARN_UNUSED_VARIABLE = YES;
				IPHONEOS_DEPLOYMENT_TARGET = 15.0;
				MTL_ENABLE_DEBUG_INFO = NO;
				MTL_FAST_MATH = YES;
				SDKROOT = iphoneos;
				SWIFT_COMPILATION_MODE = wholemodule;
				SWIFT_OPTIMIZATION_LEVEL = "-O";
				VALIDATE_PRODUCT = YES;
			};
			name = Release;
		};
		8E54EDD4276CB2D900B677ED /* Debug */ = {
			isa = XCBuildConfiguration;
			buildSettings = {
				ASSETCATALOG_COMPILER_APPICON_NAME = AppIcon;
				ASSETCATALOG_COMPILER_GLOBAL_ACCENT_COLOR_NAME = AccentColor;
				CODE_SIGN_STYLE = Automatic;
				CURRENT_PROJECT_VERSION = 1;
				DEVELOPMENT_TEAM = ZUAJH8J839;
				GENERATE_INFOPLIST_FILE = YES;
				INFOPLIST_FILE = DesignOfPages/Info.plist;
				INFOPLIST_KEY_UIApplicationSupportsIndirectInputEvents = YES;
				INFOPLIST_KEY_UILaunchStoryboardName = LaunchScreen;
				INFOPLIST_KEY_UIMainStoryboardFile = Main;
				INFOPLIST_KEY_UISupportedInterfaceOrientations_iPad = "UIInterfaceOrientationPortrait UIInterfaceOrientationPortraitUpsideDown UIInterfaceOrientationLandscapeLeft UIInterfaceOrientationLandscapeRight";
				INFOPLIST_KEY_UISupportedInterfaceOrientations_iPhone = "UIInterfaceOrientationPortrait UIInterfaceOrientationLandscapeLeft UIInterfaceOrientationLandscapeRight";
				LD_RUNPATH_SEARCH_PATHS = (
					"$(inherited)",
					"@executable_path/Frameworks",
				);
				MARKETING_VERSION = 1.0;
				PRODUCT_BUNDLE_IDENTIFIER = com.macv.app;
				PRODUCT_NAME = "$(TARGET_NAME)";
				SWIFT_EMIT_LOC_STRINGS = YES;
				SWIFT_VERSION = 5.0;
				TARGETED_DEVICE_FAMILY = "1,2";
			};
			name = Debug;
		};
		8E54EDD5276CB2D900B677ED /* Release */ = {
			isa = XCBuildConfiguration;
			buildSettings = {
				ASSETCATALOG_COMPILER_APPICON_NAME = AppIcon;
				ASSETCATALOG_COMPILER_GLOBAL_ACCENT_COLOR_NAME = AccentColor;
				CODE_SIGN_STYLE = Automatic;
				CURRENT_PROJECT_VERSION = 1;
				DEVELOPMENT_TEAM = ZUAJH8J839;
				GENERATE_INFOPLIST_FILE = YES;
				INFOPLIST_FILE = DesignOfPages/Info.plist;
				INFOPLIST_KEY_UIApplicationSupportsIndirectInputEvents = YES;
				INFOPLIST_KEY_UILaunchStoryboardName = LaunchScreen;
				INFOPLIST_KEY_UIMainStoryboardFile = Main;
				INFOPLIST_KEY_UISupportedInterfaceOrientations_iPad = "UIInterfaceOrientationPortrait UIInterfaceOrientationPortraitUpsideDown UIInterfaceOrientationLandscapeLeft UIInterfaceOrientationLandscapeRight";
				INFOPLIST_KEY_UISupportedInterfaceOrientations_iPhone = "UIInterfaceOrientationPortrait UIInterfaceOrientationLandscapeLeft UIInterfaceOrientationLandscapeRight";
				LD_RUNPATH_SEARCH_PATHS = (
					"$(inherited)",
					"@executable_path/Frameworks",
				);
				MARKETING_VERSION = 1.0;
				PRODUCT_BUNDLE_IDENTIFIER = com.macv.app;
				PRODUCT_NAME = "$(TARGET_NAME)";
				SWIFT_EMIT_LOC_STRINGS = YES;
				SWIFT_VERSION = 5.0;
				TARGETED_DEVICE_FAMILY = "1,2";
			};
			name = Release;
		};
/* End XCBuildConfiguration section */

/* Begin XCConfigurationList section */
		8E54EDBA276CB2D700B677ED /* Build configuration list for PBXProject "DesignOfPages" */ = {
			isa = XCConfigurationList;
			buildConfigurations = (
				8E54EDD1276CB2D900B677ED /* Debug */,
				8E54EDD2276CB2D900B677ED /* Release */,
			);
			defaultConfigurationIsVisible = 0;
			defaultConfigurationName = Release;
		};
		8E54EDD3276CB2D900B677ED /* Build configuration list for PBXNativeTarget "DesignOfPages" */ = {
			isa = XCConfigurationList;
			buildConfigurations = (
				8E54EDD4276CB2D900B677ED /* Debug */,
				8E54EDD5276CB2D900B677ED /* Release */,
			);
			defaultConfigurationIsVisible = 0;
			defaultConfigurationName = Release;
		};
/* End XCConfigurationList section */
	};
	rootObject = 8E54EDB7276CB2D700B677ED /* Project object */;
}
